
Microsoft Visual Studio Solution File, Format Version 12.00
# Visual Studio Version 16
VisualStudioVersion = 16.0.32002.261
MinimumVisualStudioVersion = 10.0.40219.1
Project("{9A19103F-16F7-4668-BE54-9A1E7A4F7556}") = "PawnWars", "PawnWars\PawnWars.csproj", "{71454DF6-59BD-4FF1-B922-52436C1BB1E1}"
EndProject
Project("{9A19103F-16F7-4668-BE54-9A1E7A4F7556}") = "StockMarket", "..\..\..\..\..\..\Downloads\03. Stock Market_Skeleton\Skeleton\StockMarket\StockMarket.csproj", "{E7DEF0AC-51EE-4E2C-B005-2A5DFECA3D82}"
EndProject
Project("{FAE04EC0-301F-11D3-BF4B-00C04F79EFBC}") = "FoodFinder", "FoodFinder\FoodFinder.csproj", "{E7A07587-2A0C-454F-8158-9D50FB037451}"
EndProject
Global
	GlobalSection(SolutionConfigurationPlatforms) = preSolution
		Debug|Any CPU = Debug|Any CPU
		Release|Any CPU = Release|Any CPU
	EndGlobalSection
	GlobalSection(ProjectConfigurationPlatforms) = postSolution
		{71454DF6-59BD-4FF1-B922-52436C1BB1E1}.Debug|Any CPU.ActiveCfg = Debug|Any CPU
		{71454DF6-59BD-4FF1-B922-52436C1BB1E1}.Debug|Any CPU.Build.0 = Debug|Any CPU
		{71454DF6-59BD-4FF1-B922-52436C1BB1E1}.Release|Any CPU.ActiveCfg = Release|Any CPU
		{71454DF6-59BD-4FF1-B922-52436C1BB1E1}.Release|Any CPU.Build.0 = Release|Any CPU
		{E7DEF0AC-51EE-4E2C-B005-2A5DFECA3D82}.Debug|Any CPU.ActiveCfg = Debug|Any CPU
		{E7DEF0AC-51EE-4E2C-B005-2A5DFECA3D82}.Debug|Any CPU.Build.0 = Debug|Any CPU
		{E7DEF0AC-51EE-4E2C-B005-2A5DFECA3D82}.Release|Any CPU.ActiveCfg = Release|Any CPU
		{E7DEF0AC-51EE-4E2C-B005-2A5DFECA3D82}.Release|Any CPU.Build.0 = Release|Any CPU
		{E7A07587-2A0C-454F-8158-9D50FB037451}.Debug|Any CPU.ActiveCfg = Debug|Any CPU
		{E7A07587-2A0C-454F-8158-9D50FB037451}.Debug|Any CPU.Build.0 = Debug|Any CPU
		{E7A07587-2A0C-454F-8158-9D50FB037451}.Release|Any CPU.ActiveCfg = Release|Any CPU
		{E7A07587-2A0C-454F-8158-9D50FB037451}.Release|Any CPU.Build.0 = Release|Any CPU
	EndGlobalSection
	GlobalSection(SolutionProperties) = preSolution
		HideSolutionNode = FALSE
	EndGlobalSection
	GlobalSection(ExtensibilityGlobals) = postSolution
		SolutionGuid = {BD2CF5F1-53A2-4F2B-84A3-BF3907CB8C62}
	EndGlobalSection
EndGlobal
